
Microsoft Visual Studio Solution File, Format Version 12.00
# Visual Studio Version 17
VisualStudioVersion = 17.12.35527.113 d17.12
MinimumVisualStudioVersion = 10.0.40219.1
Project("{F184B08F-C81C-45F6-A57F-5ABD9991F28F}") = "myProject1", "myProject1.vbproj", "{F08D1894-9F3C-4E1B-93FF-A67EACE17336}"
EndProject
Project("{2150E333-8FDC-42A3-9474-1A3956D46DE8}") = "Solution Items", "Solution Items", "{8ADC3495-500E-4EFE-B7C6-F323ED5B1C5C}"
EndProject
Global
	GlobalSection(SolutionConfigurationPlatforms) = preSolution
		Debug|Any CPU = Debug|Any CPU
		Release|Any CPU = Release|Any CPU
	EndGlobalSection
	GlobalSection(ProjectConfigurationPlatforms) = postSolution
		{F08D1894-9F3C-4E1B-93FF-A67EACE17336}.Debug|Any CPU.ActiveCfg = Debug|Any CPU
		{F08D1894-9F3C-4E1B-93FF-A67EACE17336}.Debug|Any CPU.Build.0 = Debug|Any CPU
		{F08D1894-9F3C-4E1B-93FF-A67EACE17336}.Release|Any CPU.ActiveCfg = Release|Any CPU
		{F08D1894-9F3C-4E1B-93FF-A67EACE17336}.Release|Any CPU.Build.0 = Release|Any CPU
	EndGlobalSection
	GlobalSection(SolutionProperties) = preSolution
		HideSolutionNode = FALSE
	EndGlobalSection
EndGlobal
